
Microsoft Visual Studio Solution File, Format Version 12.00
# Visual Studio Version 16
VisualStudioVersion = 16.0.30204.135
MinimumVisualStudioVersion = 10.0.40219.1
Project("{FAE04EC0-301F-11D3-BF4B-00C04F79EFBC}") = "WebApplication1", "WebApplication1.csproj", "{387D7D73-7F40-4427-82C7-93CBF0308E69}"
EndProject
Global
	GlobalSection(SolutionConfigurationPlatforms) = preSolution
		Debug|Any CPU = Debug|Any CPU
		Release|Any CPU = Release|Any CPU
	EndGlobalSection
	GlobalSection(ProjectConfigurationPlatforms) = postSolution
		{387D7D73-7F40-4427-82C7-93CBF0308E69}.Debug|Any CPU.ActiveCfg = Debug|Any CPU
		{387D7D73-7F40-4427-82C7-93CBF0308E69}.Debug|Any CPU.Build.0 = Debug|Any CPU
		{387D7D73-7F40-4427-82C7-93CBF0308E69}.Release|Any CPU.ActiveCfg = Release|Any CPU
		{387D7D73-7F40-4427-82C7-93CBF0308E69}.Release|Any CPU.Build.0 = Release|Any CPU
	EndGlobalSection
	GlobalSection(SolutionProperties) = preSolution
		HideSolutionNode = FALSE
	EndGlobalSection
	GlobalSection(ExtensibilityGlobals) = postSolution
		SolutionGuid = {7DDEED2D-868C-42A0-982F-937494CA1359}
	EndGlobalSection
EndGlobal
